
Microsoft Visual Studio Solution File, Format Version 12.00
# Visual Studio Version 17
VisualStudioVersion = 17.8.34408.163
MinimumVisualStudioVersion = 10.0.40219.1
Project("{9A19103F-16F7-4668-BE54-9A1E7A4F7556}") = "Vanilla.Core", "Vanilla App\Vanilla.Core.csproj", "{3E45F462-6D1E-4AE8-B10E-E15ECFA38A73}"
EndProject
Project("{9A19103F-16F7-4668-BE54-9A1E7A4F7556}") = "Vanilla.Data", "Vanilla.Data\Vanilla.Data.csproj", "{F8D18986-CAE3-44EF-B312-FCD0F2EAFC67}"
EndProject
Project("{9A19103F-16F7-4668-BE54-9A1E7A4F7556}") = "Vanilla.OAuth", "Vanilla.OAuth\Vanilla.OAuth.csproj", "{640C3024-BE64-48B3-A359-688E92D3A231}"
EndProject
Project("{FAE04EC0-301F-11D3-BF4B-00C04F79EFBC}") = "Vanilla.TelegramBot", "Vanilla.TelegramBot\Vanilla.TelegramBot.csproj", "{852DB32B-6E91-4B5D-BE7A-320DE0069373}"
EndProject
Global
	GlobalSection(SolutionConfigurationPlatforms) = preSolution
		Debug|Any CPU = Debug|Any CPU
		Release|Any CPU = Release|Any CPU
	EndGlobalSection
	GlobalSection(ProjectConfigurationPlatforms) = postSolution
		{3E45F462-6D1E-4AE8-B10E-E15ECFA38A73}.Debug|Any CPU.ActiveCfg = Debug|Any CPU
		{3E45F462-6D1E-4AE8-B10E-E15ECFA38A73}.Debug|Any CPU.Build.0 = Debug|Any CPU
		{3E45F462-6D1E-4AE8-B10E-E15ECFA38A73}.Release|Any CPU.ActiveCfg = Release|Any CPU
		{3E45F462-6D1E-4AE8-B10E-E15ECFA38A73}.Release|Any CPU.Build.0 = Release|Any CPU
		{F8D18986-CAE3-44EF-B312-FCD0F2EAFC67}.Debug|Any CPU.ActiveCfg = Debug|Any CPU
		{F8D18986-CAE3-44EF-B312-FCD0F2EAFC67}.Debug|Any CPU.Build.0 = Debug|Any CPU
		{F8D18986-CAE3-44EF-B312-FCD0F2EAFC67}.Release|Any CPU.ActiveCfg = Release|Any CPU
		{F8D18986-CAE3-44EF-B312-FCD0F2EAFC67}.Release|Any CPU.Build.0 = Release|Any CPU
		{640C3024-BE64-48B3-A359-688E92D3A231}.Debug|Any CPU.ActiveCfg = Debug|Any CPU
		{640C3024-BE64-48B3-A359-688E92D3A231}.Debug|Any CPU.Build.0 = Debug|Any CPU
		{640C3024-BE64-48B3-A359-688E92D3A231}.Release|Any CPU.ActiveCfg = Release|Any CPU
		{640C3024-BE64-48B3-A359-688E92D3A231}.Release|Any CPU.Build.0 = Release|Any CPU
		{852DB32B-6E91-4B5D-BE7A-320DE0069373}.Debug|Any CPU.ActiveCfg = Debug|Any CPU
		{852DB32B-6E91-4B5D-BE7A-320DE0069373}.Debug|Any CPU.Build.0 = Debug|Any CPU
		{852DB32B-6E91-4B5D-BE7A-320DE0069373}.Release|Any CPU.ActiveCfg = Release|Any CPU
		{852DB32B-6E91-4B5D-BE7A-320DE0069373}.Release|Any CPU.Build.0 = Release|Any CPU
	EndGlobalSection
	GlobalSection(SolutionProperties) = preSolution
		HideSolutionNode = FALSE
	EndGlobalSection
	GlobalSection(ExtensibilityGlobals) = postSolution
		SolutionGuid = {129EBCBD-9F4C-430D-95CD-E73DE33ED214}
	EndGlobalSection
EndGlobal
